
Microsoft Visual Studio Solution File, Format Version 12.00
# Visual Studio Version 16
VisualStudioVersion = 16.0.33423.256
MinimumVisualStudioVersion = 10.0.40219.1
Project("{FAE04EC0-301F-11D3-BF4B-00C04F79EFBC}") = "Task2_Sorting", "Task2_Sorting.csproj", "{EDE256F2-2C56-4610-8D88-88B007F0BDF3}"
EndProject
Global
	GlobalSection(SolutionConfigurationPlatforms) = preSolution
		Debug|Any CPU = Debug|Any CPU
		Release|Any CPU = Release|Any CPU
	EndGlobalSection
	GlobalSection(ProjectConfigurationPlatforms) = postSolution
		{EDE256F2-2C56-4610-8D88-88B007F0BDF3}.Debug|Any CPU.ActiveCfg = Debug|Any CPU
		{EDE256F2-2C56-4610-8D88-88B007F0BDF3}.Debug|Any CPU.Build.0 = Debug|Any CPU
		{EDE256F2-2C56-4610-8D88-88B007F0BDF3}.Release|Any CPU.ActiveCfg = Release|Any CPU
		{EDE256F2-2C56-4610-8D88-88B007F0BDF3}.Release|Any CPU.Build.0 = Release|Any CPU
	EndGlobalSection
	GlobalSection(SolutionProperties) = preSolution
		HideSolutionNode = FALSE
	EndGlobalSection
	GlobalSection(ExtensibilityGlobals) = postSolution
		SolutionGuid = {B4D45C66-3841-42B7-ADCC-E506DFDDC460}
	EndGlobalSection
EndGlobal
